
Microsoft Visual Studio Solution File, Format Version 12.00
# Visual Studio Version 17
VisualStudioVersion = 17.6.33815.320
MinimumVisualStudioVersion = 10.0.40219.1
Project("{54A90642-561A-4BB1-A94E-469ADEE60C69}") = "angularapp", "angularapp\angularapp.esproj", "{CC387965-CE8E-4403-8EB7-0F1F79363C96}"
EndProject
Project("{9A19103F-16F7-4668-BE54-9A1E7A4F7556}") = "webapi", "webapi\webapi.csproj", "{78B086B8-DF2E-4967-ADF7-C88A5172E19E}"
EndProject
Global
	GlobalSection(SolutionConfigurationPlatforms) = preSolution
		Debug|Any CPU = Debug|Any CPU
		Release|Any CPU = Release|Any CPU
	EndGlobalSection
	GlobalSection(ProjectConfigurationPlatforms) = postSolution
		{CC387965-CE8E-4403-8EB7-0F1F79363C96}.Debug|Any CPU.ActiveCfg = Debug|Any CPU
		{CC387965-CE8E-4403-8EB7-0F1F79363C96}.Debug|Any CPU.Build.0 = Debug|Any CPU
		{CC387965-CE8E-4403-8EB7-0F1F79363C96}.Debug|Any CPU.Deploy.0 = Debug|Any CPU
		{CC387965-CE8E-4403-8EB7-0F1F79363C96}.Release|Any CPU.ActiveCfg = Release|Any CPU
		{CC387965-CE8E-4403-8EB7-0F1F79363C96}.Release|Any CPU.Build.0 = Release|Any CPU
		{CC387965-CE8E-4403-8EB7-0F1F79363C96}.Release|Any CPU.Deploy.0 = Release|Any CPU
		{78B086B8-DF2E-4967-ADF7-C88A5172E19E}.Debug|Any CPU.ActiveCfg = Debug|Any CPU
		{78B086B8-DF2E-4967-ADF7-C88A5172E19E}.Debug|Any CPU.Build.0 = Debug|Any CPU
		{78B086B8-DF2E-4967-ADF7-C88A5172E19E}.Release|Any CPU.ActiveCfg = Release|Any CPU
		{78B086B8-DF2E-4967-ADF7-C88A5172E19E}.Release|Any CPU.Build.0 = Release|Any CPU
	EndGlobalSection
	GlobalSection(SolutionProperties) = preSolution
		HideSolutionNode = FALSE
	EndGlobalSection
	GlobalSection(ExtensibilityGlobals) = postSolution
		SolutionGuid = {8EF0E335-4074-416A-B9C7-1A0DC5A17B96}
	EndGlobalSection
EndGlobal
